
Microsoft Visual Studio Solution File, Format Version 12.00
# Visual Studio Version 17
VisualStudioVersion = 17.11.35208.52
MinimumVisualStudioVersion = 10.0.40219.1
Project("{FAE04EC0-301F-11D3-BF4B-00C04F79EFBC}") = "pololetniprojekt", "pololetniprojekt\pololetniprojekt.csproj", "{74F50420-E0C3-4501-9D9C-16AC58F5845D}"
EndProject
Global
	GlobalSection(SolutionConfigurationPlatforms) = preSolution
		Debug|Any CPU = Debug|Any CPU
		Release|Any CPU = Release|Any CPU
	EndGlobalSection
	GlobalSection(ProjectConfigurationPlatforms) = postSolution
		{74F50420-E0C3-4501-9D9C-16AC58F5845D}.Debug|Any CPU.ActiveCfg = Debug|Any CPU
		{74F50420-E0C3-4501-9D9C-16AC58F5845D}.Debug|Any CPU.Build.0 = Debug|Any CPU
		{74F50420-E0C3-4501-9D9C-16AC58F5845D}.Release|Any CPU.ActiveCfg = Release|Any CPU
		{74F50420-E0C3-4501-9D9C-16AC58F5845D}.Release|Any CPU.Build.0 = Release|Any CPU
	EndGlobalSection
	GlobalSection(SolutionProperties) = preSolution
		HideSolutionNode = FALSE
	EndGlobalSection
	GlobalSection(ExtensibilityGlobals) = postSolution
		SolutionGuid = {E41EFABC-C640-499F-8172-5CEC296F4FBE}
	EndGlobalSection
EndGlobal
